Microsoft Visual Studio Solution File, Format Version 11.00
# Visual Studio 2008

Project("{233E6187-E410-81A6-EC23-F0358349780D}") = "Swimming Penguin", "Assembly-CSharp.csproj", "{FFB2CC84-D3D3-32D5-35FA-DC6AB70129E2}"
EndProject
Global
	GlobalSection(SolutionConfigurationPlatforms) = preSolution
		Debug|Any CPU = Debug|Any CPU
		Release|Any CPU = Release|Any CPU
	EndGlobalSection
	GlobalSection(ProjectConfigurationPlatforms) = postSolution
		{FFB2CC84-D3D3-32D5-35FA-DC6AB70129E2}.Debug|Any CPU.ActiveCfg = Debug|Any CPU
		{FFB2CC84-D3D3-32D5-35FA-DC6AB70129E2}.Debug|Any CPU.Build.0 = Debug|Any CPU
		{FFB2CC84-D3D3-32D5-35FA-DC6AB70129E2}.Release|Any CPU.ActiveCfg = Release|Any CPU
		{FFB2CC84-D3D3-32D5-35FA-DC6AB70129E2}.Release|Any CPU.Build.0 = Release|Any CPU
	EndGlobalSection
	GlobalSection(SolutionProperties) = preSolution
		HideSolutionNode = FALSE
	EndGlobalSection
	GlobalSection(MonoDevelopProperties) = preSolution
		StartupItem = Assembly-CSharp.csproj
	EndGlobalSection
EndGlobal
